// !$*UTF8*$!
{
	archiveVersion = 1;
	classes = {
	};
	objectVersion = 55;
	objects = {

/* Begin PBXBuildFile section */
		4066337227EB1A8E007DFA7B /* dog@2x.jpg in Resources */ = {isa = PBXBuildFile; fileRef = 4066337127EB1A8E007DFA7B /* dog@2x.jpg */; };
		40E1A58B27E87C31008F79EF /* AppDelegate.swift in Sources */ = {isa = PBXBuildFile; fileRef = 40E1A58A27E87C31008F79EF /* AppDelegate.swift */; };
		40E1A58D27E87C31008F79EF /* SceneDelegate.swift in Sources */ = {isa = PBXBuildFile; fileRef = 40E1A58C27E87C31008F79EF /* SceneDelegate.swift */; };
		40E1A58F27E87C31008F79EF /* ViewController.swift in Sources */ = {isa = PBXBuildFile; fileRef = 40E1A58E27E87C31008F79EF /* ViewController.swift */; };
		40E1A59227E87C31008F79EF /* Main.storyboard in Resources */ = {isa = PBXBuildFile; fileRef = 40E1A59027E87C31008F79EF /* Main.storyboard */; };
		40E1A59427E87C33008F79EF /* Assets.xcassets in Resources */ = {isa = PBXBuildFile; fileRef = 40E1A59327E87C33008F79EF /* Assets.xcassets */; };
		40E1A59727E87C33008F79EF /* LaunchScreen.storyboard in Resources */ = {isa = PBXBuildFile; fileRef = 40E1A59527E87C33008F79EF /* LaunchScreen.storyboard */; };
		40E1A5A227E87C33008F79EF /* MyFirstAppTests.swift in Sources */ = {isa = PBXBuildFile; fileRef = 40E1A5A127E87C33008F79EF /* MyFirstAppTests.swift */; };
		40E1A5AC27E87C33008F79EF /* MyFirstAppUITests.swift in Sources */ = {isa = PBXBuildFile; fileRef = 40E1A5AB27E87C33008F79EF /* MyFirstAppUITests.swift */; };
		40E1A5AE27E87C33008F79EF /* MyFirstAppUITestsLaunchTests.swift in Sources */ = {isa = PBXBuildFile; fileRef = 40E1A5AD27E87C33008F79EF /* MyFirstAppUITestsLaunchTests.swift */; };
/* End PBXBuildFile section */

/* Begin PBXContainerItemProxy section */
		40E1A59E27E87C33008F79EF /* PBXContainerItemProxy */ = {
			isa = PBXContainerItemProxy;
			containerPortal = 40E1A57F27E87C31008F79EF /* Project object */;
			proxyType = 1;
			remoteGlobalIDString = 40E1A58627E87C31008F79EF;
			remoteInfo = MyFirstApp;
		};
		40E1A5A827E87C33008F79EF /* PBXContainerItemProxy */ = {
			isa = PBXContainerItemProxy;
			containerPortal = 40E1A57F27E87C31008F79EF /* Project object */;
			proxyType = 1;
			remoteGlobalIDString = 40E1A58627E87C31008F79EF;
			remoteInfo = MyFirstApp;
		};
/* End PBXContainerItemProxy section */

/* Begin PBXFileReference section */
		4066337127EB1A8E007DFA7B /* dog@2x.jpg */ = {isa = PBXFileReference; lastKnownFileType = image.jpeg; path = "dog@2x.jpg"; sourceTree = "<group>"; };
		40E1A58727E87C31008F79EF /* MyFirstApp.app */ = {isa = PBXFileReference; explicitFileType = wrapper.application; includeInIndex = 0; path = MyFirstApp.app; sourceTree = BUILT_PRODUCTS_DIR; };
		40E1A58A27E87C31008F79EF /* AppDelegate.swift */ = {isa = PBXFileReference; lastKnownFileType = sourcecode.swift; path = AppDelegate.swift; sourceTree = "<group>"; };
		40E1A58C27E87C31008F79EF /* SceneDelegate.swift */ = {isa = PBXFileReference; lastKnownFileType = sourcecode.swift; path = SceneDelegate.swift; sourceTree = "<group>"; };
		40E1A58E27E87C31008F79EF /* ViewController.swift */ = {isa = PBXFileReference; lastKnownFileType = sourcecode.swift; path = ViewController.swift; sourceTree = "<group>"; };
		40E1A59127E87C31008F79EF /* Base */ = {isa = PBXFileReference; lastKnownFileType = file.storyboard; name = Base; path = Base.lproj/Main.storyboard; sourceTree = "<group>"; };
		40E1A59327E87C33008F79EF /* Assets.xcassets */ = {isa = PBXFileReference; lastKnownFileType = folder.assetcatalog; path = Assets.xcassets; sourceTree = "<group>"; };
		40E1A59627E87C33008F79EF /* Base */ = {isa = PBXFileReference; lastKnownFileType = file.storyboard; name = Base; path = Base.lproj/LaunchScreen.storyboard; sourceTree = "<group>"; };
		40E1A59827E87C33008F79EF /* Info.plist */ = {isa = PBXFileReference; lastKnownFileType = text.plist.xml; path = Info.plist; sourceTree = "<group>"; };
		40E1A59D27E87C33008F79EF /* MyFirstAppTests.xctest */ = {isa = PBXFileReference; explicitFileType = wrapper.cfbundle; includeInIndex = 0; path = MyFirstAppTests.xctest; sourceTree = BUILT_PRODUCTS_DIR; };
		40E1A5A127E87C33008F79EF /* MyFirstAppTests.swift */ = {isa = PBXFileReference; lastKnownFileType = sourcecode.swift; path = MyFirstAppTests.swift; sourceTree = "<group>"; };
		40E1A5A727E87C33008F79EF /* MyFirstAppUITests.xctest */ = {isa = PBXFileReference; explicitFileType = wrapper.cfbundle; includeInIndex = 0; path = MyFirstAppUITests.xctest; sourceTree = BUILT_PRODUCTS_DIR; };
		40E1A5AB27E87C33008F79EF /* MyFirstAppUITests.swift */ = {isa = PBXFileReference; lastKnownFileType = sourcecode.swift; path = MyFirstAppUITests.swift; sourceTree = "<group>"; };
		40E1A5AD27E87C33008F79EF /* MyFirstAppUITestsLaunchTests.swift */ = {isa = PBXFileReference; lastKnownFileType = sourcecode.swift; path = MyFirstAppUITestsLaunchTests.swift; sourceTree = "<group>"; };
/* End PBXFileReference section */

/* Begin PBXFrameworksBuildPhase section */
		40E1A58427E87C31008F79EF /* Frameworks */ = {
			isa = PBXFrameworksBuildPhase;
			buildActionMask = 2147483647;
			files = (
			);
			runOnlyForDeploymentPostprocessing = 0;
		};
		40E1A59A27E87C33008F79EF /* Frameworks */ = {
			isa = PBXFrameworksBuildPhase;
			buildActionMask = 2147483647;
			files = (
			);
			runOnlyForDeploymentPostprocessing = 0;
		};
		40E1A5A427E87C33008F79EF /* Frameworks */ = {
			isa = PBXFrameworksBuildPhase;
			buildActionMask = 2147483647;
			files = (
			);
			runOnlyForDeploymentPostprocessing = 0;
		};
/* End PBXFrameworksBuildPhase section */

/* Begin PBXGroup section */
		40E1A57E27E87C31008F79EF = {
			isa = PBXGroup;
			children = (
				40E1A58927E87C31008F79EF /* MyFirstApp */,
				40E1A5A027E87C33008F79EF /* MyFirstAppTests */,
				40E1A5AA27E87C33008F79EF /* MyFirstAppUITests */,
				40E1A58827E87C31008F79EF /* Products */,
			);
			sourceTree = "<group>";
		};
		40E1A58827E87C31008F79EF /* Products */ = {
			isa = PBXGroup;
			children = (
				40E1A58727E87C31008F79EF /* MyFirstApp.app */,
				40E1A59D27E87C33008F79EF /* MyFirstAppTests.xctest */,
				40E1A5A727E87C33008F79EF /* MyFirstAppUITests.xctest */,
			);
			name = Products;
			sourceTree = "<group>";
		};
		40E1A58927E87C31008F79EF /* MyFirstApp */ = {
			isa = PBXGroup;
			children = (
				40E1A58A27E87C31008F79EF /* AppDelegate.swift */,
				40E1A58C27E87C31008F79EF /* SceneDelegate.swift */,
				40E1A58E27E87C31008F79EF /* ViewController.swift */,
				40E1A59027E87C31008F79EF /* Main.storyboard */,
				4066337127EB1A8E007DFA7B /* dog@2x.jpg */,
				40E1A59327E87C33008F79EF /* Assets.xcassets */,
				40E1A59527E87C33008F79EF /* LaunchScreen.storyboard */,
				40E1A59827E87C33008F79EF /* Info.plist */,
			);
			path = MyFirstApp;
			sourceTree = "<group>";
		};
		40E1A5A027E87C33008F79EF /* MyFirstAppTests */ = {
			isa = PBXGroup;
			children = (
				40E1A5A127E87C33008F79EF /* MyFirstAppTests.swift */,
			);
			path = MyFirstAppTests;
			sourceTree = "<group>";
		};
		40E1A5AA27E87C33008F79EF /* MyFirstAppUITests */ = {
			isa = PBXGroup;
			children = (
				40E1A5AB27E87C33008F79EF /* MyFirstAppUITests.swift */,
				40E1A5AD27E87C33008F79EF /* MyFirstAppUITestsLaunchTests.swift */,
			);
			path = MyFirstAppUITests;
			sourceTree = "<group>";
		};
/* End PBXGroup section */

/* Begin PBXNativeTarget section */
		40E1A58627E87C31008F79EF /* MyFirstApp */ = {
			isa = PBXNativeTarget;
			buildConfigurationList = 40E1A5B127E87C33008F79EF /* Build configuration list for PBXNativeTarget "MyFirstApp" */;
			buildPhases = (
				40E1A58327E87C31008F79EF /* Sources */,
				40E1A58427E87C31008F79EF /* Frameworks */,
				40E1A58527E87C31008F79EF /* Resources */,
			);
			buildRules = (
			);
			dependencies = (
			);
			name = MyFirstApp;
			productName = MyFirstApp;
			productReference = 40E1A58727E87C31008F79EF /* MyFirstApp.app */;
			productType = "com.apple.product-type.application";
		};
		40E1A59C27E87C33008F79EF /* MyFirstAppTests */ = {
			isa = PBXNativeTarget;
			buildConfigurationList = 40E1A5B427E87C33008F79EF /* Build configuration list for PBXNativeTarget "MyFirstAppTests" */;
			buildPhases = (
				40E1A59927E87C33008F79EF /* Sources */,
				40E1A59A27E87C33008F79EF /* Frameworks */,
				40E1A59B27E87C33008F79EF /* Resources */,
			);
			buildRules = (
			);
			dependencies = (
				40E1A59F27E87C33008F79EF /* PBXTargetDependency */,
			);
			name = MyFirstAppTests;
			productName = MyFirstAppTests;
			productReference = 40E1A59D27E87C33008F79EF /* MyFirstAppTests.xctest */;
			productType = "com.apple.product-type.bundle.unit-test";
		};
		40E1A5A627E87C33008F79EF /* MyFirstAppUITests */ = {
			isa = PBXNativeTarget;
			buildConfigurationList = 40E1A5B727E87C33008F79EF /* Build configuration list for PBXNativeTarget "MyFirstAppUITests" */;
			buildPhases = (
				40E1A5A327E87C33008F79EF /* Sources */,
				40E1A5A427E87C33008F79EF /* Frameworks */,
				40E1A5A527E87C33008F79EF /* Resources */,
			);
			buildRules = (
			);
			dependencies = (
				40E1A5A927E87C33008F79EF /* PBXTargetDependency */,
			);
			name = MyFirstAppUITests;
			productName = MyFirstAppUITests;
			productReference = 40E1A5A727E87C33008F79EF /* MyFirstAppUITests.xctest */;
			productType = "com.apple.product-type.bundle.ui-testing";
		};
/* End PBXNativeTarget section */

/* Begin PBXProject section */
		40E1A57F27E87C31008F79EF /* Project object */ = {
			isa = PBXProject;
			attributes = {
				BuildIndependentTargetsInParallel = 1;
				LastSwiftUpdateCheck = 1330;
				LastUpgradeCheck = 1330;
				TargetAttributes = {
					40E1A58627E87C31008F79EF = {
						CreatedOnToolsVersion = 13.3;
					};
					40E1A59C27E87C33008F79EF = {
						CreatedOnToolsVersion = 13.3;
						TestTargetID = 40E1A58627E87C31008F79EF;
					};
					40E1A5A627E87C33008F79EF = {
						CreatedOnToolsVersion = 13.3;
						TestTargetID = 40E1A58627E87C31008F79EF;
					};
				};
			};
			buildConfigurationList = 40E1A58227E87C31008F79EF /* Build configuration list for PBXProject "MyFirstApp" */;
			compatibilityVersion = "Xcode 13.0";
			developmentRegion = en;
			hasScannedForEncodings = 0;
			knownRegions = (
				en,
				Base,
			);
			mainGroup = 40E1A57E27E87C31008F79EF;
			productRefGroup = 40E1A58827E87C31008F79EF /* Products */;
			projectDirPath = "";
			projectRoot = "";
			targets = (
				40E1A58627E87C31008F79EF /* MyFirstApp */,
				40E1A59C27E87C33008F79EF /* MyFirstAppTests */,
				40E1A5A627E87C33008F79EF /* MyFirstAppUITests */,
			);
		};
/* End PBXProject section */

/* Begin PBXResourcesBuildPhase section */
		40E1A58527E87C31008F79EF /* Resources */ = {
			isa = PBXResourcesBuildPhase;
			buildActionMask = 2147483647;
			files = (
				40E1A59727E87C33008F79EF /* LaunchScreen.storyboard in Resources */,
				4066337227EB1A8E007DFA7B /* dog@2x.jpg in Resources */,
				40E1A59427E87C33008F79EF /* Assets.xcassets in Resources */,
				40E1A59227E87C31008F79EF /* Main.storyboard in Resources */,
			);
			runOnlyForDeploymentPostprocessing = 0;
		};
		40E1A59B27E87C33008F79EF /* Resources */ = {
			isa = PBXResourcesBuildPhase;
			buildActionMask = 2147483647;
			files = (
			);
			runOnlyForDeploymentPostprocessing = 0;
		};
		40E1A5A527E87C33008F79EF /* Resources */ = {
			isa = PBXResourcesBuildPhase;
			buildActionMask = 2147483647;
			files = (
			);
			runOnlyForDeploymentPostprocessing = 0;
		};
/* End PBXResourcesBuildPhase section */

/* Begin PBXSourcesBuildPhase section */
		40E1A58327E87C31008F79EF /* Sources */ = {
			isa = PBXSourcesBuildPhase;
			buildActionMask = 2147483647;
			files = (
				40E1A58F27E87C31008F79EF /* ViewController.swift in Sources */,
				40E1A58B27E87C31008F79EF /* AppDelegate.swift in Sources */,
				40E1A58D27E87C31008F79EF /* SceneDelegate.swift in Sources */,
			);
			runOnlyForDeploymentPostprocessing = 0;
		};
		40E1A59927E87C33008F79EF /* Sources */ = {
			isa = PBXSourcesBuildPhase;
			buildActionMask = 2147483647;
			files = (
				40E1A5A227E87C33008F79EF /* MyFirstAppTests.swift in Sources */,
			);
			runOnlyForDeploymentPostprocessing = 0;
		};
		40E1A5A327E87C33008F79EF /* Sources */ = {
			isa = PBXSourcesBuildPhase;
			buildActionMask = 2147483647;
			files = (
				40E1A5AC27E87C33008F79EF /* MyFirstAppUITests.swift in Sources */,
				40E1A5AE27E87C33008F79EF /* MyFirstAppUITestsLaunchTests.swift in Sources */,
			);
			runOnlyForDeploymentPostprocessing = 0;
		};
/* End PBXSourcesBuildPhase section */

/* Begin PBXTargetDependency section */
		40E1A59F27E87C33008F79EF /* PBXTargetDependency */ = {
			isa = PBXTargetDependency;
			target = 40E1A58627E87C31008F79EF /* MyFirstApp */;
			targetProxy = 40E1A59E27E87C33008F79EF /* PBXContainerItemProxy */;
		};
		40E1A5A927E87C33008F79EF /* PBXTargetDependency */ = {
			isa = PBXTargetDependency;
			target = 40E1A58627E87C31008F79EF /* MyFirstApp */;
			targetProxy = 40E1A5A827E87C33008F79EF /* PBXContainerItemProxy */;
		};
/* End PBXTargetDependency section */

/* Begin PBXVariantGroup section */
		40E1A59027E87C31008F79EF /* Main.storyboard */ = {
			isa = PBXVariantGroup;
			children = (
				40E1A59127E87C31008F79EF /* Base */,
			);
			name = Main.storyboard;
			sourceTree = "<group>";
		};
		40E1A59527E87C33008F79EF /* LaunchScreen.storyboard */ = {
			isa = PBXVariantGroup;
			children = (
				40E1A59627E87C33008F79EF /* Base */,
			);
			name = LaunchScreen.storyboard;
			sourceTree = "<group>";
		};
/* End PBXVariantGroup section */

/* Begin XCBuildConfiguration section */
		40E1A5AF27E87C33008F79EF /* Debug */ = {
			isa = XCBuildConfiguration;
			buildSettings = {
				ALWAYS_SEARCH_USER_PATHS = NO;
				CLANG_ANALYZER_NONNULL = YES;
				CLANG_ANALYZER_NUMBER_OBJECT_CONVERSION = YES_AGGRESSIVE;
				CLANG_CXX_LANGUAGE_STANDARD = "gnu++17";
				CLANG_ENABLE_MODULES = YES;
				CLANG_ENABLE_OBJC_ARC = YES;
				CLANG_ENABLE_OBJC_WEAK = YES;
				CLANG_WARN_BLOCK_CAPTURE_AUTORELEASING = YES;
				CLANG_WARN_BOOL_CONVERSION = YES;
				CLANG_WARN_COMMA = YES;
				CLANG_WARN_CONSTANT_CONVERSION = YES;
				CLANG_WARN_DEPRECATED_OBJC_IMPLEMENTATIONS = YES;
				CLANG_WARN_DIRECT_OBJC_ISA_USAGE = YES_ERROR;
				CLANG_WARN_DOCUMENTATION_COMMENTS = YES;
				CLANG_WARN_EMPTY_BODY = YES;
				CLANG_WARN_ENUM_CONVERSION = YES;
				CLANG_WARN_INFINITE_RECURSION = YES;
				CLANG_WARN_INT_CONVERSION = YES;
				CLANG_WARN_NON_LITERAL_NULL_CONVERSION = YES;
				CLANG_WARN_OBJC_IMPLICIT_RETAIN_SELF = YES;
				CLANG_WARN_OBJC_LITERAL_CONVERSION = YES;
				CLANG_WARN_OBJC_ROOT_CLASS = YES_ERROR;
				CLANG_WARN_QUOTED_INCLUDE_IN_FRAMEWORK_HEADER = YES;
				CLANG_WARN_RANGE_LOOP_ANALYSIS = YES;
				CLANG_WARN_STRICT_PROTOTYPES = YES;
				CLANG_WARN_SUSPICIOUS_MOVE = YES;
				CLANG_WARN_UNGUARDED_AVAILABILITY = YES_AGGRESSIVE;
				CLANG_WARN_UNREACHABLE_CODE = YES;
				CLANG_WARN__DUPLICATE_METHOD_MATCH = YES;
				COPY_PHASE_STRIP = NO;
				DEBUG_INFORMATION_FORMAT = dwarf;
				ENABLE_STRICT_OBJC_MSGSEND = YES;
				ENABLE_TESTABILITY = YES;
				GCC_C_LANGUAGE_STANDARD = gnu11;
				GCC_DYNAMIC_NO_PIC = NO;
				GCC_NO_COMMON_BLOCKS = YES;
				GCC_OPTIMIZATION_LEVEL = 0;
				GCC_PREPROCESSOR_DEFINITIONS = (
					"DEBUG=1",
					"$(inherited)",
				);
				GCC_WARN_64_TO_32_BIT_CONVERSION = YES;
				GCC_WARN_ABOUT_RETURN_TYPE = YES_ERROR;
				GCC_WARN_UNDECLARED_SELECTOR = YES;
				GCC_WARN_UNINITIALIZED_AUTOS = YES_AGGRESSIVE;
				GCC_WARN_UNUSED_FUNCTION = YES;
				GCC_WARN_UNUSED_VARIABLE = YES;
				IPHONEOS_DEPLOYMENT_TARGET = 15.4;
				MTL_ENABLE_DEBUG_INFO = INCLUDE_SOURCE;
				MTL_FAST_MATH = YES;
				ONLY_ACTIVE_ARCH = YES;
				SDKROOT = iphoneos;
				SWIFT_ACTIVE_COMPILATION_CONDITIONS = DEBUG;
				SWIFT_OPTIMIZATION_LEVEL = "-Onone";
			};
			name = Debug;
		};
		40E1A5B027E87C33008F79EF /* Release */ = {
			isa = XCBuildConfiguration;
			buildSettings = {
				ALWAYS_SEARCH_USER_PATHS = NO;
				CLANG_ANALYZER_NONNULL = YES;
				CLANG_ANALYZER_NUMBER_OBJECT_CONVERSION = YES_AGGRESSIVE;
				CLANG_CXX_LANGUAGE_STANDARD = "gnu++17";
				CLANG_ENABLE_MODULES = YES;
				CLANG_ENABLE_OBJC_ARC = YES;
				CLANG_ENABLE_OBJC_WEAK = YES;
				CLANG_WARN_BLOCK_CAPTURE_AUTORELEASING = YES;
				CLANG_WARN_BOOL_CONVERSION = YES;
				CLANG_WARN_COMMA = YES;
				CLANG_WARN_CONSTANT_CONVERSION = YES;
				CLANG_WARN_DEPRECATED_OBJC_IMPLEMENTATIONS = YES;
				CLANG_WARN_DIRECT_OBJC_ISA_USAGE = YES_ERROR;
				CLANG_WARN_DOCUMENTATION_COMMENTS = YES;
				CLANG_WARN_EMPTY_BODY = YES;
				CLANG_WARN_ENUM_CONVERSION = YES;
				CLANG_WARN_INFINITE_RECURSION = YES;
				CLANG_WARN_INT_CONVERSION = YES;
				CLANG_WARN_NON_LITERAL_NULL_CONVERSION = YES;
				CLANG_WARN_OBJC_IMPLICIT_RETAIN_SELF = YES;
				CLANG_WARN_OBJC_LITERAL_CONVERSION = YES;
				CLANG_WARN_OBJC_ROOT_CLASS = YES_ERROR;
				CLANG_WARN_QUOTED_INCLUDE_IN_FRAMEWORK_HEADER = YES;
				CLANG_WARN_RANGE_LOOP_ANALYSIS = YES;
				CLANG_WARN_STRICT_PROTOTYPES = YES;
				CLANG_WARN_SUSPICIOUS_MOVE = YES;
				CLANG_WARN_UNGUARDED_AVAILABILITY = YES_AGGRESSIVE;
				CLANG_WARN_UNREACHABLE_CODE = YES;
				CLANG_WARN__DUPLICATE_METHOD_MATCH = YES;
				COPY_PHASE_STRIP = NO;
				DEBUG_INFORMATION_FORMAT = "dwarf-with-dsym";
				ENABLE_NS_ASSERTIONS = NO;
				ENABLE_STRICT_OBJC_MSGSEND = YES;
				GCC_C_LANGUAGE_STANDARD = gnu11;
				GCC_NO_COMMON_BLOCKS = YES;
				GCC_WARN_64_TO_32_BIT_CONVERSION = YES;
				GCC_WARN_ABOUT_RETURN_TYPE = YES_ERROR;
				GCC_WARN_UNDECLARED_SELECTOR = YES;
				GCC_WARN_UNINITIALIZED_AUTOS = YES_AGGRESSIVE;
				GCC_WARN_UNUSED_FUNCTION = YES;
				GCC_WARN_UNUSED_VARIABLE = YES;
				IPHONEOS_DEPLOYMENT_TARGET = 15.4;
				MTL_ENABLE_DEBUG_INFO = NO;
				MTL_FAST_MATH = YES;
				SDKROOT = iphoneos;
				SWIFT_COMPILATION_MODE = wholemodule;
				SWIFT_OPTIMIZATION_LEVEL = "-O";
				VALIDATE_PRODUCT = YES;
			};
			name = Release;
		};
		40E1A5B227E87C33008F79EF /* Debug */ = {
			isa = XCBuildConfiguration;
			buildSettings = {
				ASSETCATALOG_COMPILER_APPICON_NAME = AppIcon;
				ASSETCATALOG_COMPILER_GLOBAL_ACCENT_COLOR_NAME = AccentColor;
				CODE_SIGN_STYLE = Automatic;
				CURRENT_PROJECT_VERSION = 1;
				GENERATE_INFOPLIST_FILE = YES;
				INFOPLIST_FILE = MyFirstApp/Info.plist;
				INFOPLIST_KEY_UIApplicationSupportsIndirectInputEvents = YES;
				INFOPLIST_KEY_UILaunchStoryboardName = LaunchScreen;
				INFOPLIST_KEY_UIMainStoryboardFile = Main;
				INFOPLIST_KEY_UISupportedInterfaceOrientations_iPad = "UIInterfaceOrientationPortrait UIInterfaceOrientationPortraitUpsideDown UIInterfaceOrientationLandscapeLeft UIInterfaceOrientationLandscapeRight";
				INFOPLIST_KEY_UISupportedInterfaceOrientations_iPhone = "UIInterfaceOrientationPortrait UIInterfaceOrientationLandscapeLeft UIInterfaceOrientationLandscapeRight";
				LD_RUNPATH_SEARCH_PATHS = (
					"$(inherited)",
					"@executable_path/Frameworks",
				);
				MARKETING_VERSION = 1.0;
				PRODUCT_BUNDLE_IDENTIFIER = NSS.MyFirstApp;
				PRODUCT_NAME = "$(TARGET_NAME)";
				SWIFT_EMIT_LOC_STRINGS = YES;
				SWIFT_VERSION = 5.0;
				TARGETED_DEVICE_FAMILY = "1,2";
			};
			name = Debug;
		};
		40E1A5B327E87C33008F79EF /* Release */ = {
			isa = XCBuildConfiguration;
			buildSettings = {
				ASSETCATALOG_COMPILER_APPICON_NAME = AppIcon;
				ASSETCATALOG_COMPILER_GLOBAL_ACCENT_COLOR_NAME = AccentColor;
				CODE_SIGN_STYLE = Automatic;
				CURRENT_PROJECT_VERSION = 1;
				GENERATE_INFOPLIST_FILE = YES;
				INFOPLIST_FILE = MyFirstApp/Info.plist;
				INFOPLIST_KEY_UIApplicationSupportsIndirectInputEvents = YES;
				INFOPLIST_KEY_UILaunchStoryboardName = LaunchScreen;
				INFOPLIST_KEY_UIMainStoryboardFile = Main;
				INFOPLIST_KEY_UISupportedInterfaceOrientations_iPad = "UIInterfaceOrientationPortrait UIInterfaceOrientationPortraitUpsideDown UIInterfaceOrientationLandscapeLeft UIInterfaceOrientationLandscapeRight";
				INFOPLIST_KEY_UISupportedInterfaceOrientations_iPhone = "UIInterfaceOrientationPortrait UIInterfaceOrientationLandscapeLeft UIInterfaceOrientationLandscapeRight";
				LD_RUNPATH_SEARCH_PATHS = (
					"$(inherited)",
					"@executable_path/Frameworks",
				);
				MARKETING_VERSION = 1.0;
				PRODUCT_BUNDLE_IDENTIFIER = NSS.MyFirstApp;
				PRODUCT_NAME = "$(TARGET_NAME)";
				SWIFT_EMIT_LOC_STRINGS = YES;
				SWIFT_VERSION = 5.0;
				TARGETED_DEVICE_FAMILY = "1,2";
			};
			name = Release;
		};
		40E1A5B527E87C33008F79EF /* Debug */ = {
			isa = XCBuildConfiguration;
			buildSettings = {
				ALWAYS_EMBED_SWIFT_STANDARD_LIBRARIES = YES;
				BUNDLE_LOADER = "$(TEST_HOST)";
				CODE_SIGN_STYLE = Automatic;
				CURRENT_PROJECT_VERSION = 1;
				GENERATE_INFOPLIST_FILE = YES;
				IPHONEOS_DEPLOYMENT_TARGET = 15.4;
				MARKETING_VERSION = 1.0;
				PRODUCT_BUNDLE_IDENTIFIER = NSS.MyFirstAppTests;
				PRODUCT_NAME = "$(TARGET_NAME)";
				SWIFT_EMIT_LOC_STRINGS = NO;
				SWIFT_VERSION = 5.0;
				TARGETED_DEVICE_FAMILY = "1,2";
				TEST_HOST = "$(BUILT_PRODUCTS_DIR)/MyFirstApp.app/MyFirstApp";
			};
			name = Debug;
		};
		40E1A5B627E87C33008F79EF /* Release */ = {
			isa = XCBuildConfiguration;
			buildSettings = {
				ALWAYS_EMBED_SWIFT_STANDARD_LIBRARIES = YES;
				BUNDLE_LOADER = "$(TEST_HOST)";
				CODE_SIGN_STYLE = Automatic;
				CURRENT_PROJECT_VERSION = 1;
				GENERATE_INFOPLIST_FILE = YES;
				IPHONEOS_DEPLOYMENT_TARGET = 15.4;
				MARKETING_VERSION = 1.0;
				PRODUCT_BUNDLE_IDENTIFIER = NSS.MyFirstAppTests;
				PRODUCT_NAME = "$(TARGET_NAME)";
				SWIFT_EMIT_LOC_STRINGS = NO;
				SWIFT_VERSION = 5.0;
				TARGETED_DEVICE_FAMILY = "1,2";
				TEST_HOST = "$(BUILT_PRODUCTS_DIR)/MyFirstApp.app/MyFirstApp";
			};
			name = Release;
		};
		40E1A5B827E87C33008F79EF /* Debug */ = {
			isa = XCBuildConfiguration;
			buildSettings = {
				ALWAYS_EMBED_SWIFT_STANDARD_LIBRARIES = YES;
				CODE_SIGN_STYLE = Automatic;
				CURRENT_PROJECT_VERSION = 1;
				GENERATE_INFOPLIST_FILE = YES;
				MARKETING_VERSION = 1.0;
				PRODUCT_BUNDLE_IDENTIFIER = NSS.MyFirstAppUITests;
				PRODUCT_NAME = "$(TARGET_NAME)";
				SWIFT_EMIT_LOC_STRINGS = NO;
				SWIFT_VERSION = 5.0;
				TARGETED_DEVICE_FAMILY = "1,2";
				TEST_TARGET_NAME = MyFirstApp;
			};
			name = Debug;
		};
		40E1A5B927E87C33008F79EF /* Release */ = {
			isa = XCBuildConfiguration;
			buildSettings = {
				ALWAYS_EMBED_SWIFT_STANDARD_LIBRARIES = YES;
				CODE_SIGN_STYLE = Automatic;
				CURRENT_PROJECT_VERSION = 1;
				GENERATE_INFOPLIST_FILE = YES;
				MARKETING_VERSION = 1.0;
				PRODUCT_BUNDLE_IDENTIFIER = NSS.MyFirstAppUITests;
				PRODUCT_NAME = "$(TARGET_NAME)";
				SWIFT_EMIT_LOC_STRINGS = NO;
				SWIFT_VERSION = 5.0;
				TARGETED_DEVICE_FAMILY = "1,2";
				TEST_TARGET_NAME = MyFirstApp;
			};
			name = Release;
		};
/* End XCBuildConfiguration section */

/* Begin XCConfigurationList section */
		40E1A58227E87C31008F79EF /* Build configuration list for PBXProject "MyFirstApp" */ = {
			isa = XCConfigurationList;
			buildConfigurations = (
				40E1A5AF27E87C33008F79EF /* Debug */,
				40E1A5B027E87C33008F79EF /* Release */,
			);
			defaultConfigurationIsVisible = 0;
			defaultConfigurationName = Release;
		};
		40E1A5B127E87C33008F79EF /* Build configuration list for PBXNativeTarget "MyFirstApp" */ = {
			isa = XCConfigurationList;
			buildConfigurations = (
				40E1A5B227E87C33008F79EF /* Debug */,
				40E1A5B327E87C33008F79EF /* Release */,
			);
			defaultConfigurationIsVisible = 0;
			defaultConfigurationName = Release;
		};
		40E1A5B427E87C33008F79EF /* Build configuration list for PBXNativeTarget "MyFirstAppTests" */ = {
			isa = XCConfigurationList;
			buildConfigurations = (
				40E1A5B527E87C33008F79EF /* Debug */,
				40E1A5B627E87C33008F79EF /* Release */,
			);
			defaultConfigurationIsVisible = 0;
			defaultConfigurationName = Release;
		};
		40E1A5B727E87C33008F79EF /* Build configuration list for PBXNativeTarget "MyFirstAppUITests" */ = {
			isa = XCConfigurationList;
			buildConfigurations = (
				40E1A5B827E87C33008F79EF /* Debug */,
				40E1A5B927E87C33008F79EF /* Release */,
			);
			defaultConfigurationIsVisible = 0;
			defaultConfigurationName = Release;
		};
/* End XCConfigurationList section */
	};
	rootObject = 40E1A57F27E87C31008F79EF /* Project object */;
}
